# This file is automatically @generated by Poetry 2.1.3 and should not be changed by hand.

[[package]]
name = "protoc-wrapper"
version = "31.1.0"
description = "Repackage official protoc compiler as Python wheels"
optional = false
python-versions = ">=3.8"
groups = ["main"]
files = [
    {file = "protoc_wrapper-31.1.0-py3-none-macosx_12_0_arm64.whl", hash = "sha256:56d9b903eb011eb74f1abb6bb5286ee43f75184f7d0283bd376c411e8b4e1ef3"},
    {file = "protoc_wrapper-31.1.0-py3-none-macosx_12_0_x86_64.whl", hash = "sha256:c1e6c9a2deaa94ea51a46453de7118336de38890d647a590711d2e2fd2c85d94"},
    {file = "protoc_wrapper-31.1.0-py3-none-manylinux_2_17_i686.manylinux2014_i686.whl", hash = "sha256:4aea253c94d1565e3fed28ebf0638873d31c62243060e6790669f599fe31f543"},
    {file = "protoc_wrapper-31.1.0-py3-none-manylinux_2_17_ppc64le.manylinux2014_ppc64le.whl", hash = "sha256:be6dbfd4aef8943122f468807b862347e5175096adbb5cf7271fc85a3a4a114f"},
    {file = "protoc_wrapper-31.1.0-py3-none-manylinux_2_17_s390x.manylinux2014_s390x.whl", hash = "sha256:e74bd9e398ec728c76e836e36546c41be6312602b3376fb107f8c75bfb27a94c"},
    {file = "protoc_wrapper-31.1.0-py3-none-manylinux_2_17_x86_64.manylinux2014_x86_64.whl", hash = "sha256:0e9d9f4a39b827dc8268ac50fe77a82d43a51d6343fd287f00f82782ae5befc6"},
    {file = "protoc_wrapper-31.1.0-py3-none-manylinux_2_28_aarch64.whl", hash = "sha256:aa3c6f172e090a479350d812dbfa59388fde049ecf6d6b67396f391c01ded073"},
    {file = "protoc_wrapper-31.1.0-py3-none-win32.whl", hash = "sha256:00e94fb1ad9877cb0e447818a907aad3286158ff376db345b8bbdf47a581855c"},
    {file = "protoc_wrapper-31.1.0-py3-none-win_amd64.whl", hash = "sha256:0f0bddf2b42496c0a033e3b00db233221f7ded8d908b50907d3969b29aef25e3"},
]

[metadata]
lock-version = "2.1"
python-versions = "^3.11"
content-hash = "1385fd1e098ac7411d2f4f9be16f061cbe73c7d06d9689f5c892a62e0849fa82"
