# This file is automatically @generated by Poetry 1.4.2 and should not be changed by hand.

[[package]]
name = "protobuf"
version = "4.23.0"
description = ""
category = "main"
optional = false
python-versions = ">=3.7"
files = [
    {file = "protobuf-4.23.0-cp310-abi3-win32.whl", hash = "sha256:6c16657d6717a0c62d5d740cb354fbad1b0d8cb811669e06fc1caa0ff4799ddd"},
    {file = "protobuf-4.23.0-cp310-abi3-win_amd64.whl", hash = "sha256:baca40d067dddd62141a129f244703160d278648b569e90bb0e3753067644711"},
    {file = "protobuf-4.23.0-cp37-abi3-macosx_10_9_universal2.whl", hash = "sha256:2b94bd6df92d71bd1234a2ffe7ce96ddf6d10cf637a18d6b55ad0a89fbb7fc21"},
    {file = "protobuf-4.23.0-cp37-abi3-manylinux2014_aarch64.whl", hash = "sha256:9f5a0fbfcdcc364f3986f9ed9f8bb1328fb84114fd790423ff3d7fdb0f85c2d1"},
    {file = "protobuf-4.23.0-cp37-abi3-manylinux2014_x86_64.whl", hash = "sha256:ebde3a023b8e11bfa6c890ef34cd6a8b47d586f26135e86c21344fe433daf2e2"},
    {file = "protobuf-4.23.0-cp37-cp37m-win32.whl", hash = "sha256:7cb5b9a05ce52c6a782bb97de52679bd3438ff2b7460eff5da348db65650f227"},
    {file = "protobuf-4.23.0-cp37-cp37m-win_amd64.whl", hash = "sha256:6fe180b56e1169d72ecc4acbd39186339aed20af5384531b8e8979b02bbee159"},
    {file = "protobuf-4.23.0-cp38-cp38-win32.whl", hash = "sha256:d5a35ff54e3f62e8fc7be02bb0d2fbc212bba1a5a9cc2748090690093996f07b"},
    {file = "protobuf-4.23.0-cp38-cp38-win_amd64.whl", hash = "sha256:e62fb869762b4ba18666370e2f8a18f17f8ab92dd4467295c6d38be6f8fef60b"},
    {file = "protobuf-4.23.0-cp39-cp39-win32.whl", hash = "sha256:03eee35b60317112a72d19c54d0bff7bc58ff12fea4cd7b018232bd99758ffdf"},
    {file = "protobuf-4.23.0-cp39-cp39-win_amd64.whl", hash = "sha256:36f5370a930cb77c8ad2f4135590c672d0d2c72d4a707c7d0058dce4b4b4a598"},
    {file = "protobuf-4.23.0-py3-none-any.whl", hash = "sha256:9744e934ea5855d12191040ea198eaf704ac78665d365a89d9572e3b627c2688"},
    {file = "protobuf-4.23.0.tar.gz", hash = "sha256:5f1eba1da2a2f3f7df469fccddef3cc060b8a16cfe3cc65961ad36b4dbcf59c5"},
]

[metadata]
lock-version = "2.0"
python-versions = "^3.10"
content-hash = "eae0fc962b3f9c457bd2ac24fe7d89d3845153fe12ecefeb2ea2bec836f8b72c"
